
Microsoft Visual Studio Solution File, Format Version 12.00
# Visual Studio Version 17
VisualStudioVersion = 17.11.35327.3
MinimumVisualStudioVersion = 10.0.40219.1
Project("{FAE04EC0-301F-11D3-BF4B-00C04F79EFBC}") = "Ejercicio1", "Ejercicio1\Ejercicio1.csproj", "{7AED95E1-FD0A-44EC-B9BC-C441F65315DD}"
EndProject
Global
	GlobalSection(SolutionConfigurationPlatforms) = preSolution
		Debug|Any CPU = Debug|Any CPU
		Release|Any CPU = Release|Any CPU
	EndGlobalSection
	GlobalSection(ProjectConfigurationPlatforms) = postSolution
		{7AED95E1-FD0A-44EC-B9BC-C441F65315DD}.Debug|Any CPU.ActiveCfg = Debug|Any CPU
		{7AED95E1-FD0A-44EC-B9BC-C441F65315DD}.Debug|Any CPU.Build.0 = Debug|Any CPU
		{7AED95E1-FD0A-44EC-B9BC-C441F65315DD}.Release|Any CPU.ActiveCfg = Release|Any CPU
		{7AED95E1-FD0A-44EC-B9BC-C441F65315DD}.Release|Any CPU.Build.0 = Release|Any CPU
	EndGlobalSection
	GlobalSection(SolutionProperties) = preSolution
		HideSolutionNode = FALSE
	EndGlobalSection
	GlobalSection(ExtensibilityGlobals) = postSolution
		SolutionGuid = {7C4A8CE6-B063-45F2-BEE9-E13038AB5B15}
	EndGlobalSection
EndGlobal
