
Microsoft Visual Studio Solution File, Format Version 12.00
# Visual Studio Version 17
VisualStudioVersion = 17.11.35327.3
MinimumVisualStudioVersion = 10.0.40219.1
Project("{FAE04EC0-301F-11D3-BF4B-00C04F79EFBC}") = "Ejercicio3", "Ejercicio3\Ejercicio3.csproj", "{B08345C8-4539-49C9-889A-E9F98CC1245F}"
EndProject
Global
	GlobalSection(SolutionConfigurationPlatforms) = preSolution
		Debug|Any CPU = Debug|Any CPU
		Release|Any CPU = Release|Any CPU
	EndGlobalSection
	GlobalSection(ProjectConfigurationPlatforms) = postSolution
		{B08345C8-4539-49C9-889A-E9F98CC1245F}.Debug|Any CPU.ActiveCfg = Debug|Any CPU
		{B08345C8-4539-49C9-889A-E9F98CC1245F}.Debug|Any CPU.Build.0 = Debug|Any CPU
		{B08345C8-4539-49C9-889A-E9F98CC1245F}.Release|Any CPU.ActiveCfg = Release|Any CPU
		{B08345C8-4539-49C9-889A-E9F98CC1245F}.Release|Any CPU.Build.0 = Release|Any CPU
	EndGlobalSection
	GlobalSection(SolutionProperties) = preSolution
		HideSolutionNode = FALSE
	EndGlobalSection
	GlobalSection(ExtensibilityGlobals) = postSolution
		SolutionGuid = {5230FF1F-9028-48B8-A619-592ADFFB3D10}
	EndGlobalSection
EndGlobal
